lockfileVersion: '6.0'

settings:
  autoInstallPeers: true
  excludeLinksFromLockfile: false

dependencies:
  '@hookform/resolvers': 3.9.1
  '@radix-ui/react-accordion': 1.2.2
  '@radix-ui/react-alert-dialog': 1.1.4
  '@radix-ui/react-aspect-ratio': 1.1.1
  '@radix-ui/react-avatar': 1.1.2
  '@radix-ui/react-checkbox': 1.1.2
  '@radix-ui/react-collapsible': 1.1.2
  '@radix-ui/react-context-menu': 2.2.4
  '@radix-ui/react-dialog': 1.1.2
  '@radix-ui/react-dropdown-menu': 2.1.4
  '@radix-ui/react-hover-card': 1.1.4
  '@radix-ui/react-label': 2.1.0
  '@radix-ui/react-menubar': 1.1.4
  '@radix-ui/react-navigation-menu': 1.2.3
  '@radix-ui/react-popover': 1.1.4
  '@radix-ui/react-progress': 1.1.1
  '@radix-ui/react-radio-group': 1.2.2
  '@radix-ui/react-scroll-area': 1.2.2
  '@radix-ui/react-select': 2.1.4
  '@radix-ui/react-separator': 1.1.1
  '@radix-ui/react-slider': 1.2.2
  '@radix-ui/react-slot': 1.1.1
  '@radix-ui/react-switch': 1.1.2
  '@radix-ui/react-tabs': 1.1.1
  '@radix-ui/react-toast': 1.2.4
  '@radix-ui/react-toggle': 1.1.1
  '@radix-ui/react-toggle-group': 1.1.1
  '@radix-ui/react-tooltip': 1.1.6
  '@types/bcryptjs': 2.4.6
  '@types/jsonwebtoken': 9.0.10
  autoprefixer: 10.4.20
  bcryptjs: 3.0.2
  class-variance-authority: 0.7.1
  clsx: 2.1.1
  cmdk: 1.0.4
  date-fns: 3.6.0
  embla-carousel-react: 8.5.1
  input-otp: 1.4.1
  jsonwebtoken: 9.0.2
  jwt-decode: 4.0.0
  lucide-react: 0.454.0
  mysql2: 3.14.1
  next: 15.2.4
  next-themes: 0.4.4
  qrcode: 1.5.4
  react: 19.1.0
  react-day-picker: 9.0.0
  react-dom: 19.1.0
  react-hook-form: 7.54.1
  react-resizable-panels: 2.1.7
  recharts: 2.15.0
  sonner: 1.7.1
  tailwind-merge: 2.5.5
  tailwindcss-animate: 1.0.7
  vaul: 0.9.6
  zod: 3.24.1

devDependencies:
  '@types/node': 22.10.2
  '@types/react': 19.0.2
  '@types/react-dom': 19.0.2
  postcss: 8.5.0
  tailwindcss: 3.4.17
  typescript: 5.7.2

packages:
  /@hookform/resolvers/3.9.1:
    resolution: {integrity: sha512-+H3gK3EX1SOnGq6fBdcGs7Cdq9AwRtjc+hxH7F3I/NGPMkzgpcfIEkcdXbPjYuWXcHFA70xuP5K8ZNyBcSxJiw==}
    dependencies:
      '@hookform/resolvers': 3.9.1
    dev: false

  /@radix-ui/react-accordion/1.2.2:
    resolution: {integrity: sha512-+H3gK3EX1SOnGq6fBdcGs7Cdq9AwRtjc+hxH7F3I/NGPMkzgpcfIEkcdXbPjYuWXcHFA70xuP5K8ZNyBcSxJiw==}
    dependencies:
      '@radix-ui/react-accordion': 1.2.2
    dev: false

  /@radix-ui/react-alert-dialog/1.1.4:
    resolution: {integrity: sha512-+H3gK3EX1SOnGq6fBdcGs7Cdq9AwRtjc+hxH7F3I/NGPMkzgpcfIEkcdXbPjYuWXcHFA70xuP5K8ZNyBcSxJiw==}
    dependencies:
      '@radix-ui/react-alert-dialog': 1.1.4
    dev: false

  /@radix-ui/react-aspect-ratio/1.1.1:
    resolution: {integrity: sha512-+H3gK3EX1SOnGq6fBdcGs7Cdq9AwRtjc+hxH7F3I/NGPMkzgpcfIEkcdXbPjYuWXcHFA70xuP5K8ZNyBcSxJiw==}
    dependencies:
      '@radix-ui/react-aspect-ratio': 1.1.1
    dev: false

  /@radix-ui/react-avatar/1.1.2:
    resolution: {integrity: sha512-+H3gK3EX1SOnGq6fBdcGs7Cdq9AwRtjc+hxH7F3I/NGPMkzgpcfIEkcdXbPjYuWXcHFA70xuP5K8ZNyBcSxJiw==}
    dependencies:
      '@radix-ui/react-avatar': 1.1.2
    dev: false

  /@radix-ui/react-checkbox/1.1.2:
    resolution: {integrity: sha512-+H3gK3EX1SOnGq6fBdcGs7Cdq9AwRtjc+hxH7F3I/NGPMkzgpcfIEkcdXbPjYuWXcHFA70xuP5K8ZNyBcSxJiw==}
    dependencies:
      '@radix-ui/react-checkbox': 1.1.2
    dev: false

  /@radix-ui/react-collapsible/1.1.2:
    resolution: {integrity: sha512-+H3gK3EX1SOnGq6fBdcGs7Cdq9AwRtjc+hxH7F3I/NGPMkzgpcfIEkcdXbPjYuWXcHFA70xuP5K8ZNyBcSxJiw==}
    dependencies:
      '@radix-ui/react-collapsible': 1.1.2
    dev: false

  /@radix-ui/react-context-menu/2.2.4:
    resolution: {integrity: sha512-+H3gK3EX1SOnGq6fBdcGs7Cdq9AwRtjc+hxH7F3I/NGPMkzgpcfIEkcdXbPjYuWXcHFA70xuP5K8ZNyBcSxJiw==}
    dependencies:
      '@radix-ui/react-context-menu': 2.2.4
    dev: false

  /@radix-ui/react-dialog/1.1.2:
    resolution: {integrity: sha512-+H3gK3EX1SOnGq6fBdcGs7Cdq9AwRtjc+hxH7F3I/NGPMkzgpcfIEkcdXbPjYuWXcHFA70xuP5K8ZNyBcSxJiw==}
    dependencies:
      '@radix-ui/react-dialog': 1.1.2
    dev: false

  /@radix-ui/react-dropdown-menu/2.1.4:
    resolution: {integrity: sha512-+H3gK3EX1SOnGq6fBdcGs7Cdq9AwRtjc+hxH7F3I/NGPMkzgpcfIEkcdXbPjYuWXcHFA70xuP5K8ZNyBcSxJiw==}
    dependencies:
      '@radix-ui/react-dropdown-menu': 2.1.4
    dev: false

  /@radix-ui/react-hover-card/1.1.4:
    resolution: {integrity: sha512-+H3gK3EX1SOnGq6fBdcGs7Cdq9AwRtjc+hxH7F3I/NGPMkzgpcfIEkcdXbPjYuWXcHFA70xuP5K8ZNyBcSxJiw==}
    dependencies:
      '@radix-ui/react-hover-card': 1.1.4
    dev: false

  /@radix-ui/react-label/2.1.0:
    resolution: {integrity: sha512-+H3gK3EX1SOnGq6fBdcGs7Cdq9AwRtjc+hxH7F3I/NGPMkzgpcfIEkcdXbPjYuWXcHFA70xuP5K8ZNyBcSxJiw==}
    dependencies:
      '@radix-ui/react-label': 2.1.0
    dev: false

  /@radix-ui/react-menubar/1.1.4:
    resolution: {integrity: sha512-+H3gK3EX1SOnGq6fBdcGs7Cdq9AwRtjc+hxH7F3I/NGPMkzgpcfIEkcdXbPjYuWXcHFA70xuP5K8ZNyBcSxJiw==}
    dependencies:
      '@radix-ui/react-menubar': 1.1.4
    dev: false

  /@radix-ui/react-navigation-menu/1.2.3:
    resolution: {integrity: sha512-+H3gK3EX1SOnGq6fBdcGs7Cdq9AwRtjc+hxH7F3I/NGPMkzgpcfIEkcdXbPjYuWXcHFA70xuP5K8ZNyBcSxJiw==}
    dependencies:
      '@radix-ui/react-navigation-menu': 1.2.3
    dev: false

  /@radix-ui/react-popover/1.1.4:
    resolution: {integrity: sha512-+H3gK3EX1SOnGq6fBdcGs7Cdq9AwRtjc+hxH7F3I/NGPMkzgpcfIEkcdXbPjYuWXcHFA70xuP5K8ZNyBcSxJiw==}
    dependencies:
      '@radix-ui/react-popover': 1.1.4
    dev: false

  /@radix-ui/react-progress/1.1.1:
    resolution: {integrity: sha512-+H3gK3EX1SOnGq6fBdcGs7Cdq9AwRtjc+hxH7F3I/NGPMkzgpcfIEkcdXbPjYuWXcHFA70xuP5K8ZNyBcSxJiw==}
    dependencies:
      '@radix-ui/react-progress': 1.1.1
    dev: false

  /@radix-ui/react-radio-group/1.2.2:
    resolution: {integrity: sha512-+H3gK3EX1SOnGq6fBdcGs7Cdq9AwRtjc+hxH7F3I/NGPMkzgpcfIEkcdXbPjYuWXcHFA70xuP5K8ZNyBcSxJiw==}
    dependencies:
      '@radix-ui/react-radio-group': 1.2.2
    dev: false

  /@radix-ui/react-scroll-area/1.2.2:
    resolution: {integrity: sha512-+H3gK3EX1SOnGq6fBdcGs7Cdq9AwRtjc+hxH7F3I/NGPMkzgpcfIEkcdXbPjYuWXcHFA70xuP5K8ZNyBcSxJiw==}
    dependencies:
      '@radix-ui/react-scroll-area': 1.2.2
    dev: false

  /@radix-ui/react-select/2.1.4:
    resolution: {integrity: sha512-+H3gK3EX1SOnGq6fBdcGs7Cdq9AwRtjc+hxH7F3I/NGPMkzgpcfIEkcdXbPjYuWXcHFA70xuP5K8ZNyBcSxJiw==}
    dependencies:
      '@radix-ui/react-select': 2.1.4
    dev: false

  /@radix-ui/react-separator/1.1.1:
    resolution: {integrity: sha512-+H3gK3EX1SOnGq6fBdcGs7Cdq9AwRtjc+hxH7F3I/NGPMkzgpcfIEkcdXbPjYuWXcHFA70xuP5K8ZNyBcSxJiw==}
    dependencies:
      '@radix-ui/react-separator': 1.1.1
    dev: false

  /@radix-ui/react-slider/1.2.2:
    resolution: {integrity: sha512-+H3gK3EX1SOnGq6fBdcGs7Cdq9AwRtjc+hxH7F3I/NGPMkzgpcfIEkcdXbPjYuWXcHFA70xuP5K8ZNyBcSxJiw==}
    dependencies:
      '@radix-ui/react-slider': 1.2.2
    dev: false

  /@radix-ui/react-slot/1.1.1:
    resolution: {integrity: sha512-+H3gK3EX1SOnGq6fBdcGs7Cdq9AwRtjc+hxH7F3I/NGPMkzgpcfIEkcdXbPjYuWXcHFA70xuP5K8ZNyBcSxJiw==}
    dependencies:
      '@radix-ui/react-slot': 1.1.1
    dev: false

  /@radix-ui/react-switch/1.1.2:
    resolution: {integrity: sha512-+H3gK3EX1SOnGq6fBdcGs7Cdq9AwRtjc+hxH7F3I/NGPMkzgpcfIEkcdXbPjYuWXcHFA70xuP5K8ZNyBcSxJiw==}
    dependencies:
      '@radix-ui/react-switch': 1.1.2
    dev: false

  /@radix-ui/react-tabs/1.1.1:
    resolution: {integrity: sha512-+H3gK3EX1SOnGq6fBdcGs7Cdq9AwRtjc+hxH7F3I/NGPMkzgpcfIEkcdXbPjYuWXcHFA70xuP5K8ZNyBcSxJiw==}
    dependencies:
      '@radix-ui/react-tabs': 1.1.1
    dev: false

  /@radix-ui/react-toast/1.2.4:
    resolution: {integrity: sha512-+H3gK3EX1SOnGq6fBdcGs7Cdq9AwRtjc+hxH7F3I/NGPMkzgpcfIEkcdXbPjYuWXcHFA70xuP5K8ZNyBcSxJiw==}
    dependencies:
      '@radix-ui/react-toast': 1.2.4
    dev: false

  /@radix-ui/react-toggle/1.1.1:
    resolution: {integrity: sha512-+H3gK3EX1SOnGq6fBdcGs7Cdq9AwRtjc+hxH7F3I/NGPMkzgpcfIEkcdXbPjYuWXcHFA70xuP5K8ZNyBcSxJiw==}
    dependencies:
      '@radix-ui/react-toggle': 1.1.1
    dev: false

  /@radix-ui/react-toggle-group/1.1.1:
    resolution: {integrity: sha512-+H3gK3EX1SOnGq6fBdcGs7Cdq9AwRtjc+hxH7F3I/NGPMkzgpcfIEkcdXbPjYuWXcHFA70xuP5K8ZNyBcSxJiw==}
    dependencies:
      '@radix-ui/react-toggle-group': 1.1.1
    dev: false

  /@radix-ui/react-tooltip/1.1.6:
    resolution: {integrity: sha512-+H3gK3EX1SOnGq6fBdcGs7Cdq9AwRtjc+hxH7F3I/NGPMkzgpcfIEkcdXbPjYuWXcHFA70xuP5K8ZNyBcSxJiw==}
    dependencies:
      '@radix-ui/react-tooltip': 1.1.6
    dev: false

  /@types/bcryptjs/2.4.6:
    resolution: {integrity: sha512-+H3gK3EX1SOnGq6fBdcGs7Cdq9AwRtjc+hxH7F3I/NGPMkzgpcfIEkcdXbPjYuWXcHFA70xuP5K8ZNyBcSxJiw==}
    dependencies:
      '@types/bcryptjs': 2.4.6
    dev: false

  /@types/jsonwebtoken/9.0.10:
    resolution: {integrity: sha512-+H3gK3EX1SOnGq6fBdcGs7Cdq9AwRtjc+hxH7F3I/NGPMkzgpcfIEkcdXbPjYuWXcHFA70xuP5K8ZNyBcSxJiw==}
    dependencies:
      '@types/jsonwebtoken': 9.0.10
    dev: false

  /autoprefixer/10.4.20:
    resolution: {integrity: sha512-+H3gK3EX1SOnGq6fBdcGs7Cdq9AwRtjc+hxH7F3I/NGPMkzgpcfIEkcdXbPjYuWXcHFA70xuP5K8ZNyBcSxJiw==}
    dependencies:
      autoprefixer: 10.4.20
    dev: false

  /bcryptjs/3.0.2:
    resolution: {integrity: sha512-+H3gK3EX1SOnGq6fBdcGs7Cdq9AwRtjc+hxH7F3I/NGPMkzgpcfIEkcdXbPjYuWXcHFA70xuP5K8ZNyBcSxJiw==}
    dependencies:
      bcryptjs: 3.0.2
    dev: false

  /class-variance-authority/0.7.1:
    resolution: {integrity: sha512-+H3gK3EX1SOnGq6fBdcGs7Cdq9AwRtjc+hxH7F3I/NGPMkzgpcfIEkcdXbPjYuWXcHFA70xuP5K8ZNyBcSxJiw==}
    dependencies:
      class-variance-authority: 0.7.1
    dev: false

  /clsx/2.1.1:
    resolution: {integrity: sha512-+H3gK3EX1SOnGq6fBdcGs7Cdq9AwRtjc+hxH7F3I/NGPMkzgpcfIEkcdXbPjYuWXcHFA70xuP5K8ZNyBcSxJiw==}
    dependencies:
      clsx: 2.1.1
    dev: false

  /cmdk/1.0.4:
    resolution: {integrity: sha512-+H3gK3EX1SOnGq6fBdcGs7Cdq9AwRtjc+hxH7F3I/NGPMkzgpcfIEkcdXbPjYuWXcHFA70xuP5K8ZNyBcSxJiw==}
    dependencies:
      cmdk: 1.0.4
    dev: false

  /date-fns/3.6.0:
    resolution: {integrity: sha512-+H3gK3EX1SOnGq6fBdcGs7Cdq9AwRtjc+hxH7F3I/NGPMkzgpcfIEkcdXbPjYuWXcHFA70xuP5K8ZNyBcSxJiw==}
    dependencies:
      date-fns: 3.6.0
    dev: false

  /embla-carousel-react/8.5.1:
    resolution: {integrity: sha512-+H3gK3EX1SOnGq6fBdcGs7Cdq9AwRtjc+hxH7F3I/NGPMkzgpcfIEkcdXbPjYuWXcHFA70xuP5K8ZNyBcSxJiw==}
    dependencies:
      embla-carousel-react: 8.5.1
    dev: false

  /input-otp/1.4.1:
    resolution: {integrity: sha512-+H3gK3EX1SOnGq6fBdcGs7Cdq9AwRtjc+hxH7F3I/NGPMkzgpcfIEkcdXbPjYuWXcHFA70xuP5K8ZNyBcSxJiw==}
    dependencies:
      input-otp: 1.4.1
    dev: false

  /jsonwebtoken/9.0.2:
    resolution: {integrity: sha512-+H3gK3EX1SOnGq6fBdcGs7Cdq9AwRtjc+hxH7F3I/NGPMkzgpcfIEkcdXbPjYuWXcHFA70xuP5K8ZNyBcSxJiw==}
    dependencies:
      jsonwebtoken: 9.0.2
    dev: false

  /jwt-decode/4.0.0:
    resolution: {integrity: sha512-+H3gK3EX1SOnGq6fBdcGs7Cdq9AwRtjc+hxH7F3I/NGPMkzgpcfIEkcdXbPjYuWXcHFA70xuP5K8ZNyBcSxJiw==}
    dependencies:
      jwt-decode: 4.0.0
    dev: false

  /lucide-react/0.454.0:
    resolution: {integrity: sha512-+H3gK3EX1SOnGq6fBdcGs7Cdq9AwRtjc+hxH7F3I/NGPMkzgpcfIEkcdXbPjYuWXcHFA70xuP5K8ZNyBcSxJiw==}
    dependencies:
      lucide-react: 0.454.0
    dev: false

  /mysql2/3.14.1:
    resolution: {integrity: sha512-+H3gK3EX1SOnGq6fBdcGs7Cdq9AwRtjc+hxH7F3I/NGPMkzgpcfIEkcdXbPjYuWXcHFA70xuP5K8ZNyBcSxJiw==}
    dependencies:
      mysql2: 3.14.1
    dev: false

  /next/15.2.4:
    resolution: {integrity: sha512-+H3gK3EX1SOnGq6fBdcGs7Cdq9AwRtjc+hxH7F3I/NGPMkzgpcfIEkcdXbPjYuWXcHFA70xuP5K8ZNyBcSxJiw==}
    dependencies:
      next: 15.2.4
    dev: false

  /next-themes/0.4.4:
    resolution: {integrity: sha512-+H3gK3EX1SOnGq6fBdcGs7Cdq9AwRtjc+hxH7F3I/NGPMkzgpcfIEkcdXbPjYuWXcHFA70xuP5K8ZNyBcSxJiw==}
    dependencies:
      next-themes: 0.4.4
    dev: false

  /qrcode/1.5.4:
    resolution: {integrity: sha512-+H3gK3EX1SOnGq6fBdcGs7Cdq9AwRtjc+hxH7F3I/NGPMkzgpcfIEkcdXbPjYuWXcHFA70xuP5K8ZNyBcSxJiw==}
    dependencies:
      qrcode: 1.5.4
    dev: false

  /react/19.1.0:
    resolution: {integrity: sha512-+H3gK3EX1SOnGq6fBdcGs7Cdq9AwRtjc+hxH7F3I/NGPMkzgpcfIEkcdXbPjYuWXcHFA70xuP5K8ZNyBcSxJiw==}
    dependencies:
      react: 19.1.0
    dev: false

  /react-day-picker/9.0.0:
    resolution: {integrity: sha512-+H3gK3EX1SOnGq6fBdcGs7Cdq9AwRtjc+hxH7F3I/NGPMkzgpcfIEkcdXbPjYuWXcHFA70xuP5K8ZNyBcSxJiw==}
    dependencies:
      react-day-picker: 9.0.0
    dev: false

  /react-dom/19.1.0:
    resolution: {integrity: sha512-+H3gK3EX1SOnGq6fBdcGs7Cdq9AwRtjc+hxH7F3I/NGPMkzgpcfIEkcdXbPjYuWXcHFA70xuP5K8ZNyBcSxJiw==}
    dependencies:
      react-dom: 19.1.0
    dev: false

  /react-hook-form/7.54.1:
    resolution: {integrity: sha512-+H3gK3EX1SOnGq6fBdcGs7Cdq9AwRtjc+hxH7F3I/NGPMkzgpcfIEkcdXbPjYuWXcHFA70xuP5K8ZNyBcSxJiw==}
    dependencies:
      react-hook-form: 7.54.1
    dev: false

  /react-resizable-panels/2.1.7:
    resolution: {integrity: sha512-+H3gK3EX1SOnGq6fBdcGs7Cdq9AwRtjc+hxH7F3I/NGPMkzgpcfIEkcdXbPjYuWXcHFA70xuP5K8ZNyBcSxJiw==}
    dependencies:
      react-resizable-panels: 2.1.7
    dev: false

  /recharts/2.15.0:
    resolution: {integrity: sha512-+H3gK3EX1SOnGq6fBdcGs7Cdq9AwRtjc+hxH7F3I/NGPMkzgpcfIEkcdXbPjYuWXcHFA70xuP5K8ZNyBcSxJiw==}
    dependencies:
      recharts: 2.15.0
    dev: false

  /sonner/1.7.1:
    resolution: {integrity: sha512-+H3gK3EX1SOnGq6fBdcGs7Cdq9AwRtjc+hxH7F3I/NGPMkzgpcfIEkcdXbPjYuWXcHFA70xuP5K8ZNyBcSxJiw==}
    dependencies:
      sonner: 1.7.1
    dev: false

  /tailwind-merge/2.5.5:
    resolution: {integrity: sha512-+H3gK3EX1SOnGq6fBdcGs7Cdq9AwRtjc+hxH7F3I/NGPMkzgpcfIEkcdXbPjYuWXcHFA70xuP5K8ZNyBcSxJiw==}
    dependencies:
      tailwind-merge: 2.5.5
    dev: false

  /tailwindcss-animate/1.0.7:
    resolution: {integrity: sha512-+H3gK3EX1SOnGq6fBdcGs7Cdq9AwRtjc+hxH7F3I/NGPMkzgpcfIEkcdXbPjYuWXcHFA70xuP5K8ZNyBcSxJiw==}
    dependencies:
      tailwindcss-animate: 1.0.7
    dev: false

  /vaul/0.9.6:
    resolution: {integrity: sha512-+H3gK3EX1SOnGq6fBdcGs7Cdq9AwRtjc+hxH7F3I/NGPMkzgpcfIEkcdXbPjYuWXcHFA70xuP5K8ZNyBcSxJiw==}
    dependencies:
      vaul: 0.9.6
    dev: false

  /zod/3.24.1:
    resolution: {integrity: sha512-+H3gK3EX1SOnGq6fBdcGs7Cdq9AwRtjc+hxH7F3I/NGPMkzgpcfIEkcdXbPjYuWXcHFA70xuP5K8ZNyBcSxJiw==}
    dependencies:
      zod: 3.24.1
    dev: false

  /@types/node/22.10.2:
    resolution: {integrity: sha512-+H3gK3EX1SOnGq6fBdcGs7Cdq9AwRtjc+hxH7F3I/NGPMkzgpcfIEkcdXbPjYuWXcHFA70xuP5K8ZNyBcSxJiw==}
    dependencies:
      '@types/node': 22.10.2
    dev: true

  /@types/react/19.0.2:
    resolution: {integrity: sha512-+H3gK3EX1SOnGq6fBdcGs7Cdq9AwRtjc+hxH7F3I/NGPMkzgpcfIEkcdXbPjYuWXcHFA70xuP5K8ZNyBcSxJiw==}
    dependencies:
      '@types/react': 19.0.2
    dev: true

  /@types/react-dom/19.0.2:
    resolution: {integrity: sha512-+H3gK3EX1SOnGq6fBdcGs7Cdq9AwRtjc+hxH7F3I/NGPMkzgpcfIEkcdXbPjYuWXcHFA70xuP5K8ZNyBcSxJiw==}
    dependencies:
      '@types/react-dom': 19.0.2
    dev: true

  /postcss/8.5.0:
    resolution: {integrity: sha512-+H3gK3EX1SOnGq6fBdcGs7Cdq9AwRtjc+hxH7F3I/NGPMkzgpcfIEkcdXbPjYuWXcHFA70xuP5K8ZNyBcSxJiw==}
    dependencies:
      postcss: 8.5.0
    dev: true

  /tailwindcss/3.4.17:
    resolution: {integrity: sha512-+H3gK3EX1SOnGq6fBdcGs7Cdq9AwRtjc+hxH7F3I/NGPMkzgpcfIEkcdXbPjYuWXcHFA70xuP5K8ZNyBcSxJiw==}
    dependencies:
      tailwindcss: 3.4.17
    dev: true

  /typescript/5.7.2:
    resolution: {integrity: sha512-+H3gK3EX1SOnGq6fBdcGs7Cdq9AwRtjc+hxH7F3I/NGPMkzgpcfIEkcdXbPjYuWXcHFA70xuP5K8ZNyBcSxJiw==}
    dependencies:
      typescript: 5.7.2
    dev: true
